
Microsoft Visual Studio Solution File, Format Version 12.00
# Visual Studio Version 17
VisualStudioVersion = 17.7.34031.279
MinimumVisualStudioVersion = 10.0.40219.1
Project("{FAE04EC0-301F-11D3-BF4B-00C04F79EFBC}") = "RabbitMQ.Lib", "RabbitMQ.Lib\RabbitMQ.Lib.csproj", "{33EC156D-8E76-496F-B972-D7A6DEFAE33A}"
EndProject
Global
	GlobalSection(SolutionConfigurationPlatforms) = preSolution
		Debug|Any CPU = Debug|Any CPU
		Release|Any CPU = Release|Any CPU
	EndGlobalSection
	GlobalSection(ProjectConfigurationPlatforms) = postSolution
		{33EC156D-8E76-496F-B972-D7A6DEFAE33A}.Debug|Any CPU.ActiveCfg = Debug|Any CPU
		{33EC156D-8E76-496F-B972-D7A6DEFAE33A}.Debug|Any CPU.Build.0 = Debug|Any CPU
		{33EC156D-8E76-496F-B972-D7A6DEFAE33A}.Release|Any CPU.ActiveCfg = Release|Any CPU
		{33EC156D-8E76-496F-B972-D7A6DEFAE33A}.Release|Any CPU.Build.0 = Release|Any CPU
	EndGlobalSection
	GlobalSection(SolutionProperties) = preSolution
		HideSolutionNode = FALSE
	EndGlobalSection
	GlobalSection(ExtensibilityGlobals) = postSolution
		SolutionGuid = {F7E7F775-310A-4270-A91C-47235BDD3AD7}
	EndGlobalSection
EndGlobal
